
Microsoft Visual Studio Solution File, Format Version 12.00
# Visual Studio Version 16
VisualStudioVersion = 16.0.30204.135
MinimumVisualStudioVersion = 10.0.40219.1
Project("{2150E333-8FDC-42A3-9474-1A3956D46DE8}") = "Solution Items", "Solution Items", "{E793AF18-4371-4EBD-96FC-195EB1798855}"
	ProjectSection(SolutionItems) = preProject
		.gitignore = .gitignore
		README.md = README.md
	EndProjectSection
EndProject
Project("{2150E333-8FDC-42A3-9474-1A3956D46DE8}") = "workflows", "workflows", "{322199BD-B13C-4D01-B225-E344C3DD25EB}"
	ProjectSection(SolutionItems) = preProject
		.github\workflows\dotnet.yml = .github\workflows\dotnet.yml
		.github\workflows\pr.yml = .github\workflows\pr.yml
	EndProjectSection
EndProject
Project("{FAE04EC0-301F-11D3-BF4B-00C04F79EFBC}") = "Uno.Maui.Core", "src\libs\Uno.Maui.Core\Uno.Maui.Core.csproj", "{A0D40F30-A021-413F-8A20-02C44495F5C9}"
EndProject
Project("{FAE04EC0-301F-11D3-BF4B-00C04F79EFBC}") = "Uno.Maui.Graphics", "src\libs\Uno.Maui.Graphics\Uno.Maui.Graphics.csproj", "{20395B6E-7308-479F-8A31-7620E973F813}"
EndProject
Project("{FAE04EC0-301F-11D3-BF4B-00C04F79EFBC}") = "Uno.Maui.Essentials", "src\libs\Uno.Maui.Essentials\Uno.Maui.Essentials.csproj", "{7A89E4C3-DEC3-4058-BFF2-463DB5E9B9B9}"
EndProject
Global
	GlobalSection(SolutionConfigurationPlatforms) = preSolution
		Debug|Any CPU = Debug|Any CPU
		Release|Any CPU = Release|Any CPU
	EndGlobalSection
	GlobalSection(ProjectConfigurationPlatforms) = postSolution
		{A0D40F30-A021-413F-8A20-02C44495F5C9}.Debug|Any CPU.ActiveCfg = Debug|Any CPU
		{A0D40F30-A021-413F-8A20-02C44495F5C9}.Debug|Any CPU.Build.0 = Debug|Any CPU
		{A0D40F30-A021-413F-8A20-02C44495F5C9}.Release|Any CPU.ActiveCfg = Release|Any CPU
		{A0D40F30-A021-413F-8A20-02C44495F5C9}.Release|Any CPU.Build.0 = Release|Any CPU
		{20395B6E-7308-479F-8A31-7620E973F813}.Debug|Any CPU.ActiveCfg = Debug|Any CPU
		{20395B6E-7308-479F-8A31-7620E973F813}.Debug|Any CPU.Build.0 = Debug|Any CPU
		{20395B6E-7308-479F-8A31-7620E973F813}.Release|Any CPU.ActiveCfg = Release|Any CPU
		{20395B6E-7308-479F-8A31-7620E973F813}.Release|Any CPU.Build.0 = Release|Any CPU
		{7A89E4C3-DEC3-4058-BFF2-463DB5E9B9B9}.Debug|Any CPU.ActiveCfg = Debug|Any CPU
		{7A89E4C3-DEC3-4058-BFF2-463DB5E9B9B9}.Debug|Any CPU.Build.0 = Debug|Any CPU
		{7A89E4C3-DEC3-4058-BFF2-463DB5E9B9B9}.Release|Any CPU.ActiveCfg = Release|Any CPU
		{7A89E4C3-DEC3-4058-BFF2-463DB5E9B9B9}.Release|Any CPU.Build.0 = Release|Any CPU
	EndGlobalSection
	GlobalSection(SolutionProperties) = preSolution
		HideSolutionNode = FALSE
	EndGlobalSection
	GlobalSection(NestedProjects) = preSolution
		{322199BD-B13C-4D01-B225-E344C3DD25EB} = {E793AF18-4371-4EBD-96FC-195EB1798855}
	EndGlobalSection
	GlobalSection(ExtensibilityGlobals) = postSolution
		SolutionGuid = {CED9A020-DBA5-4BE6-8096-75E528648EC1}
	EndGlobalSection
EndGlobal
