
Microsoft Visual Studio Solution File, Format Version 12.00
# Visual Studio Version 16
VisualStudioVersion = 16.0.30204.135
MinimumVisualStudioVersion = 10.0.40219.1
Project("{2150E333-8FDC-42A3-9474-1A3956D46DE8}") = "Solution Items", "Solution Items", "{E793AF18-4371-4EBD-96FC-195EB1798855}"
	ProjectSection(SolutionItems) = preProject
		.gitignore = .gitignore
		README.md = README.md
		src\Directory.Build.props = src\Directory.Build.props
		src\MultiTargeting.targets = src\MultiTargeting.targets
		src\Directory.Build.targets = src\Directory.Build.targets
	EndProjectSection
EndProject
Project("{2150E333-8FDC-42A3-9474-1A3956D46DE8}") = "workflows", "workflows", "{322199BD-B13C-4D01-B225-E344C3DD25EB}"
	ProjectSection(SolutionItems) = preProject
		.github\workflows\dotnet.yml = .github\workflows\dotnet.yml
		.github\workflows\pr.yml = .github\workflows\pr.yml
	EndProjectSection
EndProject
Project("{2150E333-8FDC-42A3-9474-1A3956D46DE8}") = "Graphics", "Graphics", "{A6F67BE8-963F-49CC-9F82-6D9A8DAB75C1}"
EndProject
Project("{FAE04EC0-301F-11D3-BF4B-00C04F79EFBC}") = "Graphics", "src\Graphics\src\Graphics\Graphics.csproj", "{C90736DF-2E86-4467-B597-FA9F2B1950BD}"
EndProject
Project("{2150E333-8FDC-42A3-9474-1A3956D46DE8}") = "maui", "maui", "{392E1F1A-A229-4E86-9808-960BD4B5155F}"
	ProjectSection(SolutionItems) = preProject
		maui\Directory.Build.props = maui\Directory.Build.props
		maui\Directory.Build.targets = maui\Directory.Build.targets
	EndProjectSection
EndProject
Project("{2150E333-8FDC-42A3-9474-1A3956D46DE8}") = "eng", "eng", "{67B7C4CC-271B-4B17-BF0E-45F4CB05217C}"
	ProjectSection(SolutionItems) = preProject
		maui\eng\AndroidX.targets = maui\eng\AndroidX.targets
		maui\eng\BannedApis.targets = maui\eng\BannedApis.targets
		maui\eng\BannedSymbols.txt = maui\eng\BannedSymbols.txt
		maui\eng\Environment.Build.props = maui\eng\Environment.Build.props
		maui\eng\Git.Build.targets = maui\eng\Git.Build.targets
		maui\eng\ILRepack.targets = maui\eng\ILRepack.targets
		maui\eng\Microsoft.Extensions.targets = maui\eng\Microsoft.Extensions.targets
		maui\eng\Nuget.targets = maui\eng\Nuget.targets
		maui\eng\PublicAPI.empty.txt = maui\eng\PublicAPI.empty.txt
		maui\eng\README.md = maui\eng\README.md
		maui\eng\ReplaceText.targets = maui\eng\ReplaceText.targets
		maui\eng\SourceLink.Build.props = maui\eng\SourceLink.Build.props
		maui\eng\UWP.Build.props = maui\eng\UWP.Build.props
		maui\eng\UWP.Build.targets = maui\eng\UWP.Build.targets
		maui\eng\Version.Details.xml = maui\eng\Version.Details.xml
		maui\eng\Versions.dev.targets = maui\eng\Versions.dev.targets
		maui\eng\Versions.props = maui\eng\Versions.props
		maui\eng\Versions.targets = maui\eng\Versions.targets
	EndProjectSection
EndProject
Project("{FAE04EC0-301F-11D3-BF4B-00C04F79EFBC}") = "Graphics.Skia", "src\Graphics\src\Graphics.Skia\Graphics.Skia.csproj", "{9ABFE84A-7DEC-457C-AFAF-82CA82BFA7E9}"
EndProject
Project("{FAE04EC0-301F-11D3-BF4B-00C04F79EFBC}") = "Graphics.Skia.GtkSharp", "src\Graphics\src\Graphics.Skia.GtkSharp\Graphics.Skia.GtkSharp.csproj", "{C66C3076-BE5E-4220-8AD2-01E79FEA93E1}"
EndProject
Project("{FAE04EC0-301F-11D3-BF4B-00C04F79EFBC}") = "Graphics.Skia.WPF", "src\Graphics\src\Graphics.Skia.WPF\Graphics.Skia.WPF.csproj", "{E021549C-8D3F-4DC0-A1D9-A9398C91E50B}"
EndProject
Project("{FAE04EC0-301F-11D3-BF4B-00C04F79EFBC}") = "Graphics.Text.Markdig", "src\Graphics\src\Text.Markdig\Graphics.Text.Markdig.csproj", "{C1F1CE1E-F42F-45A1-A893-B3DF417665A6}"
EndProject
Project("{2150E333-8FDC-42A3-9474-1A3956D46DE8}") = "src", "src", "{C46DE99E-0C60-4772-8E15-0280BEE90747}"
EndProject
Project("{2150E333-8FDC-42A3-9474-1A3956D46DE8}") = "tests", "tests", "{23818652-D1BB-4FA6-9CEC-A22436FADC77}"
EndProject
Project("{FAE04EC0-301F-11D3-BF4B-00C04F79EFBC}") = "GraphicsTester.Portable", "src\Graphics\samples\GraphicsTester.Portable\GraphicsTester.Portable.csproj", "{ADC54100-29F7-4B08-8087-21725AE4BDDA}"
EndProject
Project("{2150E333-8FDC-42A3-9474-1A3956D46DE8}") = "samples", "samples", "{7E368DD0-2E5E-40A0-A1A1-F2898C8F803B}"
EndProject
Project("{FAE04EC0-301F-11D3-BF4B-00C04F79EFBC}") = "GraphicsTester.Skia.Console", "src\Graphics\samples\GraphicsTester.Skia.Console\GraphicsTester.Skia.Console.csproj", "{46B358EB-F321-4B88-BB0F-22DE4288B81D}"
EndProject
Project("{FAE04EC0-301F-11D3-BF4B-00C04F79EFBC}") = "GraphicsTester.Skia.Gtk", "src\Graphics\samples\GraphicsTester.Skia.Gtk\GraphicsTester.Skia.Gtk.csproj", "{2EA88C4C-8E0E-47C1-83BA-C20427730A98}"
EndProject
Project("{2150E333-8FDC-42A3-9474-1A3956D46DE8}") = "Core", "Core", "{DDD68B5D-858A-42A5-97C2-5B2B1068DB1E}"
EndProject
Project("{2150E333-8FDC-42A3-9474-1A3956D46DE8}") = "src", "src", "{3FA8F139-BAD3-463D-803D-C4CC83C72A0C}"
EndProject
Project("{2150E333-8FDC-42A3-9474-1A3956D46DE8}") = "Essentials", "Essentials", "{F36F5E75-B185-4A68-A660-8910D097227A}"
EndProject
Project("{2150E333-8FDC-42A3-9474-1A3956D46DE8}") = "src", "src", "{74F17878-0F3C-4E43-A90B-7C4D6840559E}"
EndProject
Project("{FAE04EC0-301F-11D3-BF4B-00C04F79EFBC}") = "Essentials", "src\Essentials\src\Essentials.csproj", "{33CEEC66-3BB1-40EF-905B-A3A067390954}"
EndProject
Global
	GlobalSection(SolutionConfigurationPlatforms) = preSolution
		Debug|Any CPU = Debug|Any CPU
		Release|Any CPU = Release|Any CPU
	EndGlobalSection
	GlobalSection(ProjectConfigurationPlatforms) = postSolution
		{C90736DF-2E86-4467-B597-FA9F2B1950BD}.Debug|Any CPU.ActiveCfg = Debug|Any CPU
		{C90736DF-2E86-4467-B597-FA9F2B1950BD}.Debug|Any CPU.Build.0 = Debug|Any CPU
		{C90736DF-2E86-4467-B597-FA9F2B1950BD}.Release|Any CPU.ActiveCfg = Release|Any CPU
		{C90736DF-2E86-4467-B597-FA9F2B1950BD}.Release|Any CPU.Build.0 = Release|Any CPU
		{9ABFE84A-7DEC-457C-AFAF-82CA82BFA7E9}.Debug|Any CPU.ActiveCfg = Debug|Any CPU
		{9ABFE84A-7DEC-457C-AFAF-82CA82BFA7E9}.Debug|Any CPU.Build.0 = Debug|Any CPU
		{9ABFE84A-7DEC-457C-AFAF-82CA82BFA7E9}.Release|Any CPU.ActiveCfg = Release|Any CPU
		{9ABFE84A-7DEC-457C-AFAF-82CA82BFA7E9}.Release|Any CPU.Build.0 = Release|Any CPU
		{C66C3076-BE5E-4220-8AD2-01E79FEA93E1}.Debug|Any CPU.ActiveCfg = Debug|Any CPU
		{C66C3076-BE5E-4220-8AD2-01E79FEA93E1}.Debug|Any CPU.Build.0 = Debug|Any CPU
		{C66C3076-BE5E-4220-8AD2-01E79FEA93E1}.Release|Any CPU.ActiveCfg = Release|Any CPU
		{C66C3076-BE5E-4220-8AD2-01E79FEA93E1}.Release|Any CPU.Build.0 = Release|Any CPU
		{E021549C-8D3F-4DC0-A1D9-A9398C91E50B}.Debug|Any CPU.ActiveCfg = Debug|Any CPU
		{E021549C-8D3F-4DC0-A1D9-A9398C91E50B}.Debug|Any CPU.Build.0 = Debug|Any CPU
		{E021549C-8D3F-4DC0-A1D9-A9398C91E50B}.Release|Any CPU.ActiveCfg = Release|Any CPU
		{E021549C-8D3F-4DC0-A1D9-A9398C91E50B}.Release|Any CPU.Build.0 = Release|Any CPU
		{C1F1CE1E-F42F-45A1-A893-B3DF417665A6}.Debug|Any CPU.ActiveCfg = Debug|Any CPU
		{C1F1CE1E-F42F-45A1-A893-B3DF417665A6}.Debug|Any CPU.Build.0 = Debug|Any CPU
		{C1F1CE1E-F42F-45A1-A893-B3DF417665A6}.Release|Any CPU.ActiveCfg = Release|Any CPU
		{C1F1CE1E-F42F-45A1-A893-B3DF417665A6}.Release|Any CPU.Build.0 = Release|Any CPU
		{ADC54100-29F7-4B08-8087-21725AE4BDDA}.Debug|Any CPU.ActiveCfg = Debug|Any CPU
		{ADC54100-29F7-4B08-8087-21725AE4BDDA}.Debug|Any CPU.Build.0 = Debug|Any CPU
		{ADC54100-29F7-4B08-8087-21725AE4BDDA}.Release|Any CPU.ActiveCfg = Release|Any CPU
		{ADC54100-29F7-4B08-8087-21725AE4BDDA}.Release|Any CPU.Build.0 = Release|Any CPU
		{46B358EB-F321-4B88-BB0F-22DE4288B81D}.Debug|Any CPU.ActiveCfg = Debug|Any CPU
		{46B358EB-F321-4B88-BB0F-22DE4288B81D}.Debug|Any CPU.Build.0 = Debug|Any CPU
		{46B358EB-F321-4B88-BB0F-22DE4288B81D}.Release|Any CPU.ActiveCfg = Release|Any CPU
		{46B358EB-F321-4B88-BB0F-22DE4288B81D}.Release|Any CPU.Build.0 = Release|Any CPU
		{2EA88C4C-8E0E-47C1-83BA-C20427730A98}.Debug|Any CPU.ActiveCfg = Debug|Any CPU
		{2EA88C4C-8E0E-47C1-83BA-C20427730A98}.Debug|Any CPU.Build.0 = Debug|Any CPU
		{2EA88C4C-8E0E-47C1-83BA-C20427730A98}.Release|Any CPU.ActiveCfg = Release|Any CPU
		{2EA88C4C-8E0E-47C1-83BA-C20427730A98}.Release|Any CPU.Build.0 = Release|Any CPU
		{33CEEC66-3BB1-40EF-905B-A3A067390954}.Debug|Any CPU.ActiveCfg = Debug|Any CPU
		{33CEEC66-3BB1-40EF-905B-A3A067390954}.Debug|Any CPU.Build.0 = Debug|Any CPU
		{33CEEC66-3BB1-40EF-905B-A3A067390954}.Release|Any CPU.ActiveCfg = Release|Any CPU
		{33CEEC66-3BB1-40EF-905B-A3A067390954}.Release|Any CPU.Build.0 = Release|Any CPU
	EndGlobalSection
	GlobalSection(SolutionProperties) = preSolution
		HideSolutionNode = FALSE
	EndGlobalSection
	GlobalSection(NestedProjects) = preSolution
		{322199BD-B13C-4D01-B225-E344C3DD25EB} = {E793AF18-4371-4EBD-96FC-195EB1798855}
		{67B7C4CC-271B-4B17-BF0E-45F4CB05217C} = {392E1F1A-A229-4E86-9808-960BD4B5155F}
		{C46DE99E-0C60-4772-8E15-0280BEE90747} = {A6F67BE8-963F-49CC-9F82-6D9A8DAB75C1}
		{C90736DF-2E86-4467-B597-FA9F2B1950BD} = {C46DE99E-0C60-4772-8E15-0280BEE90747}
		{9ABFE84A-7DEC-457C-AFAF-82CA82BFA7E9} = {C46DE99E-0C60-4772-8E15-0280BEE90747}
		{C66C3076-BE5E-4220-8AD2-01E79FEA93E1} = {C46DE99E-0C60-4772-8E15-0280BEE90747}
		{E021549C-8D3F-4DC0-A1D9-A9398C91E50B} = {C46DE99E-0C60-4772-8E15-0280BEE90747}
		{C1F1CE1E-F42F-45A1-A893-B3DF417665A6} = {C46DE99E-0C60-4772-8E15-0280BEE90747}
		{23818652-D1BB-4FA6-9CEC-A22436FADC77} = {A6F67BE8-963F-49CC-9F82-6D9A8DAB75C1}
		{7E368DD0-2E5E-40A0-A1A1-F2898C8F803B} = {A6F67BE8-963F-49CC-9F82-6D9A8DAB75C1}
		{ADC54100-29F7-4B08-8087-21725AE4BDDA} = {7E368DD0-2E5E-40A0-A1A1-F2898C8F803B}
		{46B358EB-F321-4B88-BB0F-22DE4288B81D} = {7E368DD0-2E5E-40A0-A1A1-F2898C8F803B}
		{2EA88C4C-8E0E-47C1-83BA-C20427730A98} = {7E368DD0-2E5E-40A0-A1A1-F2898C8F803B}
		{3FA8F139-BAD3-463D-803D-C4CC83C72A0C} = {DDD68B5D-858A-42A5-97C2-5B2B1068DB1E}
		{74F17878-0F3C-4E43-A90B-7C4D6840559E} = {F36F5E75-B185-4A68-A660-8910D097227A}
		{33CEEC66-3BB1-40EF-905B-A3A067390954} = {74F17878-0F3C-4E43-A90B-7C4D6840559E}
	EndGlobalSection
	GlobalSection(ExtensibilityGlobals) = postSolution
		SolutionGuid = {CED9A020-DBA5-4BE6-8096-75E528648EC1}
	EndGlobalSection
EndGlobal
